
Microsoft Visual Studio Solution File, Format Version 12.00
# Visual Studio Version 17
VisualStudioVersion = 17.0.31903.59
MinimumVisualStudioVersion = 10.0.40219.1
Project("{2150E333-8FDC-42A3-9474-1A3956D46DE8}") = "src", "src", "{0528047B-FBB4-447E-8C70-D4DB1210E909}"
EndProject
Project("{2150E333-8FDC-42A3-9474-1A3956D46DE8}") = "tests", "tests", "{13863A1E-CC74-4361-AA1C-146783F72E3E}"
EndProject
Project("{9A19103F-16F7-4668-BE54-9A1E7A4F7556}") = "SKFProductAssistant.Tests", "tests\SKFProductAssistant.Tests\SKFProductAssistant.Tests.csproj", "{E31ADA6C-7FD2-4757-8899-E4F9AF37C3BA}"
EndProject
Project("{9A19103F-16F7-4668-BE54-9A1E7A4F7556}") = "SKFProductAssistant", "src\SKFProductAssistant.csproj", "{48C8AF89-6D94-4C98-B7E4-6A4977A6EB2E}"
EndProject
Global
	GlobalSection(SolutionConfigurationPlatforms) = preSolution
		Debug|Any CPU = Debug|Any CPU
		Release|Any CPU = Release|Any CPU
	EndGlobalSection
	GlobalSection(ProjectConfigurationPlatforms) = postSolution
		{E31ADA6C-7FD2-4757-8899-E4F9AF37C3BA}.Debug|Any CPU.ActiveCfg = Debug|Any CPU
		{E31ADA6C-7FD2-4757-8899-E4F9AF37C3BA}.Debug|Any CPU.Build.0 = Debug|Any CPU
		{E31ADA6C-7FD2-4757-8899-E4F9AF37C3BA}.Release|Any CPU.ActiveCfg = Release|Any CPU
		{E31ADA6C-7FD2-4757-8899-E4F9AF37C3BA}.Release|Any CPU.Build.0 = Release|Any CPU
		{48C8AF89-6D94-4C98-B7E4-6A4977A6EB2E}.Debug|Any CPU.ActiveCfg = Debug|Any CPU
		{48C8AF89-6D94-4C98-B7E4-6A4977A6EB2E}.Debug|Any CPU.Build.0 = Debug|Any CPU
		{48C8AF89-6D94-4C98-B7E4-6A4977A6EB2E}.Release|Any CPU.ActiveCfg = Release|Any CPU
		{48C8AF89-6D94-4C98-B7E4-6A4977A6EB2E}.Release|Any CPU.Build.0 = Release|Any CPU
	EndGlobalSection
	GlobalSection(SolutionProperties) = preSolution
		HideSolutionNode = FALSE
	EndGlobalSection
	GlobalSection(NestedProjects) = preSolution
		{E31ADA6C-7FD2-4757-8899-E4F9AF37C3BA} = {13863A1E-CC74-4361-AA1C-146783F72E3E}
		{48C8AF89-6D94-4C98-B7E4-6A4977A6EB2E} = {0528047B-FBB4-447E-8C70-D4DB1210E909}
	EndGlobalSection
	GlobalSection(ExtensibilityGlobals) = postSolution
		SolutionGuid = {DDB3B556-49C7-4F3A-889C-412247783F2A}
	EndGlobalSection
EndGlobal
